
Microsoft Visual Studio Solution File, Format Version 12.00
# Visual Studio 15
VisualStudioVersion = 15.0.26124.0
MinimumVisualStudioVersion = 15.0.26124.0
Project("{2150E333-8FDC-42A3-9474-1A3956D46DE8}") = "HelloDI", "HelloDI", "{A3EC9449-2436-4B2E-ABB0-EB5636482630}"
EndProject
Project("{FAE04EC0-301F-11D3-BF4B-00C04F79EFBC}") = "HelloDI.Console", "HelloDI\HelloDI.Console\HelloDI.Console.csproj", "{77E5A08A-7D0E-4A8F-879C-5807014FFC67}"
EndProject
Project("{FAE04EC0-301F-11D3-BF4B-00C04F79EFBC}") = "HelloDI.Tests", "HelloDI\HelloDI.Tests\HelloDI.Tests.csproj", "{347AB41C-119E-46DA-AC3A-D1813B6F3523}"
EndProject
Global
	GlobalSection(SolutionConfigurationPlatforms) = preSolution
		Debug|Any CPU = Debug|Any CPU
		Debug|x64 = Debug|x64
		Debug|x86 = Debug|x86
		Release|Any CPU = Release|Any CPU
		Release|x64 = Release|x64
		Release|x86 = Release|x86
	EndGlobalSection
	GlobalSection(SolutionProperties) = preSolution
		HideSolutionNode = FALSE
	EndGlobalSection
	GlobalSection(ProjectConfigurationPlatforms) = postSolution
		{77E5A08A-7D0E-4A8F-879C-5807014FFC67}.Debug|Any CPU.ActiveCfg = Debug|Any CPU
		{77E5A08A-7D0E-4A8F-879C-5807014FFC67}.Debug|Any CPU.Build.0 = Debug|Any CPU
		{77E5A08A-7D0E-4A8F-879C-5807014FFC67}.Debug|x64.ActiveCfg = Debug|Any CPU
		{77E5A08A-7D0E-4A8F-879C-5807014FFC67}.Debug|x64.Build.0 = Debug|Any CPU
		{77E5A08A-7D0E-4A8F-879C-5807014FFC67}.Debug|x86.ActiveCfg = Debug|Any CPU
		{77E5A08A-7D0E-4A8F-879C-5807014FFC67}.Debug|x86.Build.0 = Debug|Any CPU
		{77E5A08A-7D0E-4A8F-879C-5807014FFC67}.Release|Any CPU.ActiveCfg = Release|Any CPU
		{77E5A08A-7D0E-4A8F-879C-5807014FFC67}.Release|Any CPU.Build.0 = Release|Any CPU
		{77E5A08A-7D0E-4A8F-879C-5807014FFC67}.Release|x64.ActiveCfg = Release|Any CPU
		{77E5A08A-7D0E-4A8F-879C-5807014FFC67}.Release|x64.Build.0 = Release|Any CPU
		{77E5A08A-7D0E-4A8F-879C-5807014FFC67}.Release|x86.ActiveCfg = Release|Any CPU
		{77E5A08A-7D0E-4A8F-879C-5807014FFC67}.Release|x86.Build.0 = Release|Any CPU
		{347AB41C-119E-46DA-AC3A-D1813B6F3523}.Debug|Any CPU.ActiveCfg = Debug|Any CPU
		{347AB41C-119E-46DA-AC3A-D1813B6F3523}.Debug|Any CPU.Build.0 = Debug|Any CPU
		{347AB41C-119E-46DA-AC3A-D1813B6F3523}.Debug|x64.ActiveCfg = Debug|Any CPU
		{347AB41C-119E-46DA-AC3A-D1813B6F3523}.Debug|x64.Build.0 = Debug|Any CPU
		{347AB41C-119E-46DA-AC3A-D1813B6F3523}.Debug|x86.ActiveCfg = Debug|Any CPU
		{347AB41C-119E-46DA-AC3A-D1813B6F3523}.Debug|x86.Build.0 = Debug|Any CPU
		{347AB41C-119E-46DA-AC3A-D1813B6F3523}.Release|Any CPU.ActiveCfg = Release|Any CPU
		{347AB41C-119E-46DA-AC3A-D1813B6F3523}.Release|Any CPU.Build.0 = Release|Any CPU
		{347AB41C-119E-46DA-AC3A-D1813B6F3523}.Release|x64.ActiveCfg = Release|Any CPU
		{347AB41C-119E-46DA-AC3A-D1813B6F3523}.Release|x64.Build.0 = Release|Any CPU
		{347AB41C-119E-46DA-AC3A-D1813B6F3523}.Release|x86.ActiveCfg = Release|Any CPU
		{347AB41C-119E-46DA-AC3A-D1813B6F3523}.Release|x86.Build.0 = Release|Any CPU
	EndGlobalSection
	GlobalSection(NestedProjects) = preSolution
		{77E5A08A-7D0E-4A8F-879C-5807014FFC67} = {A3EC9449-2436-4B2E-ABB0-EB5636482630}
		{347AB41C-119E-46DA-AC3A-D1813B6F3523} = {A3EC9449-2436-4B2E-ABB0-EB5636482630}
	EndGlobalSection
EndGlobal
